// !$*UTF8*$!
{
	archiveVersion = 1;
	classes = {
	};
	objectVersion = 77;
	objects = {

/* Begin PBXBuildFile section */
		A10000012F6BBE9600A2D40B /* SpamSniperCallBlocker.appex in Embed Foundation Extensions */ = {isa = PBXBuildFile; fileRef = A10000002F6BBE9600A2D40B /* SpamSniperCallBlocker.appex */; settings = {ATTRIBUTES = (RemoveHeadersOnCopy, ); }; };
		A20000012F6D1000A2D40B01 /* ObjectivePGP in Frameworks */ = {isa = PBXBuildFile; productRef = A20000042F6D1000A2D40B01 /* ObjectivePGP */; };
		A20000022F6D1000A2D40B01 /* ObjectivePGP in Frameworks */ = {isa = PBXBuildFile; productRef = A20000052F6D1000A2D40B01 /* ObjectivePGP */; };
/* End PBXBuildFile section */

/* Begin PBXContainerItemProxy section */
		A10000032F6BBE9600A2D40B /* PBXContainerItemProxy */ = {
			isa = PBXContainerItemProxy;
			containerPortal = 98E5C1092F6BBE9600A2D40B /* Project object */;
			proxyType = 1;
			remoteGlobalIDString = A10000022F6BBE9600A2D40B;
			remoteInfo = SpamSniperCallBlocker;
		};
		A30000062F6D2000A2D40B /* PBXContainerItemProxy */ = {
			isa = PBXContainerItemProxy;
			containerPortal = 98E5C1092F6BBE9600A2D40B /* Project object */;
			proxyType = 1;
			remoteGlobalIDString = 98E5C1102F6BBE9600A2D40B;
			remoteInfo = SpamSniper;
		};
/* End PBXContainerItemProxy section */

/* Begin PBXCopyFilesBuildPhase section */
		A10000042F6BBE9600A2D40B /* Embed Foundation Extensions */ = {
			isa = PBXCopyFilesBuildPhase;
			buildActionMask = 2147483647;
			dstPath = "";
			dstSubfolderSpec = 13;
			files = (
				A10000012F6BBE9600A2D40B /* SpamSniperCallBlocker.appex in Embed Foundation Extensions */,
			);
			name = "Embed Foundation Extensions";
			runOnlyForDeploymentPostprocessing = 0;
		};
/* End PBXCopyFilesBuildPhase section */

/* Begin PBXFileReference section */
		98E5C1112F6BBE9600A2D40B /* SpamSniper.app */ = {isa = PBXFileReference; explicitFileType = wrapper.application; includeInIndex = 0; path = SpamSniper.app; sourceTree = BUILT_PRODUCTS_DIR; };
		A10000002F6BBE9600A2D40B /* SpamSniperCallBlocker.appex */ = {isa = PBXFileReference; explicitFileType = "wrapper.app-extension"; includeInIndex = 0; path = SpamSniperCallBlocker.appex; sourceTree = BUILT_PRODUCTS_DIR; };
		A30000002F6D2000A2D40B /* SpamSniperTests.xctest */ = {isa = PBXFileReference; explicitFileType = wrapper.cfbundle; includeInIndex = 0; path = SpamSniperTests.xctest; sourceTree = BUILT_PRODUCTS_DIR; };
/* End PBXFileReference section */

/* Begin PBXFileSystemSynchronizedBuildFileExceptionSet section */
		A10000072F6BBE9600A2D40B /* Exceptions for "SpamSniperCallBlocker" folder in "SpamSniperCallBlocker" target */ = {
			isa = PBXFileSystemSynchronizedBuildFileExceptionSet;
			membershipExceptions = (
				Info.plist,
			);
			target = A10000022F6BBE9600A2D40B /* SpamSniperCallBlocker */;
		};
/* End PBXFileSystemSynchronizedBuildFileExceptionSet section */

/* Begin PBXFileSystemSynchronizedRootGroup section */
		98E5C1132F6BBE9600A2D40B /* SpamSniper */ = {
			isa = PBXFileSystemSynchronizedRootGroup;
			path = SpamSniper;
			sourceTree = "<group>";
		};
		A10000082F6BBE9600A2D40B /* SpamSniperCallBlocker */ = {
			isa = PBXFileSystemSynchronizedRootGroup;
			exceptions = (
				A10000072F6BBE9600A2D40B /* Exceptions for "SpamSniperCallBlocker" folder in "SpamSniperCallBlocker" target */,
			);
			path = SpamSniperCallBlocker;
			sourceTree = "<group>";
		};
		A10000092F6BBE9600A2D40B /* Shared */ = {
			isa = PBXFileSystemSynchronizedRootGroup;
			path = Shared;
			sourceTree = "<group>";
		};
		A30000012F6D2000A2D40B /* SpamSniperTests */ = {
			isa = PBXFileSystemSynchronizedRootGroup;
			path = SpamSniperTests;
			sourceTree = "<group>";
		};
/* End PBXFileSystemSynchronizedRootGroup section */

/* Begin PBXFrameworksBuildPhase section */
		98E5C10E2F6BBE9600A2D40B /* Frameworks */ = {
			isa = PBXFrameworksBuildPhase;
			buildActionMask = 2147483647;
			files = (
				A20000012F6D1000A2D40B01 /* ObjectivePGP in Frameworks */,
			);
			runOnlyForDeploymentPostprocessing = 0;
		};
		A100000A2F6BBE9600A2D40B /* Frameworks */ = {
			isa = PBXFrameworksBuildPhase;
			buildActionMask = 2147483647;
			files = (
				A20000022F6D1000A2D40B01 /* ObjectivePGP in Frameworks */,
			);
			runOnlyForDeploymentPostprocessing = 0;
		};
		A30000022F6D2000A2D40B /* Frameworks */ = {
			isa = PBXFrameworksBuildPhase;
			buildActionMask = 2147483647;
			files = (
			);
			runOnlyForDeploymentPostprocessing = 0;
		};
/* End PBXFrameworksBuildPhase section */

/* Begin PBXGroup section */
		98E5C1082F6BBE9600A2D40B = {
			isa = PBXGroup;
			children = (
				98E5C1132F6BBE9600A2D40B /* SpamSniper */,
				A10000082F6BBE9600A2D40B /* SpamSniperCallBlocker */,
				A10000092F6BBE9600A2D40B /* Shared */,
				A30000012F6D2000A2D40B /* SpamSniperTests */,
				98E5C1122F6BBE9600A2D40B /* Products */,
			);
			sourceTree = "<group>";
		};
		98E5C1122F6BBE9600A2D40B /* Products */ = {
			isa = PBXGroup;
			children = (
				98E5C1112F6BBE9600A2D40B /* SpamSniper.app */,
				A10000002F6BBE9600A2D40B /* SpamSniperCallBlocker.appex */,
				A30000002F6D2000A2D40B /* SpamSniperTests.xctest */,
			);
			name = Products;
			sourceTree = "<group>";
		};
/* End PBXGroup section */

/* Begin PBXNativeTarget section */
		98E5C1102F6BBE9600A2D40B /* SpamSniper */ = {
			isa = PBXNativeTarget;
			buildConfigurationList = 98E5C11C2F6BBE9800A2D40B /* Build configuration list for PBXNativeTarget "SpamSniper" */;
			buildPhases = (
				98E5C10D2F6BBE9600A2D40B /* Sources */,
				98E5C10E2F6BBE9600A2D40B /* Frameworks */,
				98E5C10F2F6BBE9600A2D40B /* Resources */,
				A10000042F6BBE9600A2D40B /* Embed Foundation Extensions */,
			);
			buildRules = (
			);
			dependencies = (
				A10000052F6BBE9600A2D40B /* PBXTargetDependency */,
			);
			fileSystemSynchronizedGroups = (
				98E5C1132F6BBE9600A2D40B /* SpamSniper */,
				A10000092F6BBE9600A2D40B /* Shared */,
			);
			name = SpamSniper;
			packageProductDependencies = (
				A20000042F6D1000A2D40B01 /* ObjectivePGP */,
			);
			productName = SpamSniper;
			productReference = 98E5C1112F6BBE9600A2D40B /* SpamSniper.app */;
			productType = "com.apple.product-type.application";
		};
		A10000022F6BBE9600A2D40B /* SpamSniperCallBlocker */ = {
			isa = PBXNativeTarget;
			buildConfigurationList = A100000F2F6BBE9600A2D40B /* Build configuration list for PBXNativeTarget "SpamSniperCallBlocker" */;
			buildPhases = (
				A100000B2F6BBE9600A2D40B /* Sources */,
				A100000A2F6BBE9600A2D40B /* Frameworks */,
				A100000C2F6BBE9600A2D40B /* Resources */,
			);
			buildRules = (
			);
			dependencies = (
			);
			fileSystemSynchronizedGroups = (
				A10000082F6BBE9600A2D40B /* SpamSniperCallBlocker */,
				A10000092F6BBE9600A2D40B /* Shared */,
			);
			name = SpamSniperCallBlocker;
			packageProductDependencies = (
				A20000052F6D1000A2D40B01 /* ObjectivePGP */,
			);
			productName = SpamSniperCallBlocker;
			productReference = A10000002F6BBE9600A2D40B /* SpamSniperCallBlocker.appex */;
			productType = "com.apple.product-type.app-extension";
		};
		A30000052F6D2000A2D40B /* SpamSniperTests */ = {
			isa = PBXNativeTarget;
			buildConfigurationList = A300000A2F6D2000A2D40B /* Build configuration list for PBXNativeTarget "SpamSniperTests" */;
			buildPhases = (
				A30000032F6D2000A2D40B /* Sources */,
				A30000022F6D2000A2D40B /* Frameworks */,
				A30000042F6D2000A2D40B /* Resources */,
			);
			buildRules = (
			);
			dependencies = (
				A30000072F6D2000A2D40B /* PBXTargetDependency */,
			);
			fileSystemSynchronizedGroups = (
				A30000012F6D2000A2D40B /* SpamSniperTests */,
			);
			name = SpamSniperTests;
			packageProductDependencies = (
			);
			productName = SpamSniperTests;
			productReference = A30000002F6D2000A2D40B /* SpamSniperTests.xctest */;
			productType = "com.apple.product-type.bundle.unit-test";
		};
/* End PBXNativeTarget section */

/* Begin PBXProject section */
		98E5C1092F6BBE9600A2D40B /* Project object */ = {
			isa = PBXProject;
			attributes = {
				BuildIndependentTargetsInParallel = 1;
				LastSwiftUpdateCheck = 2630;
				LastUpgradeCheck = 2630;
				TargetAttributes = {
					98E5C1102F6BBE9600A2D40B = {
						CreatedOnToolsVersion = 26.3;
					};
					A10000022F6BBE9600A2D40B = {
						CreatedOnToolsVersion = 26.3;
					};
					A30000052F6D2000A2D40B = {
						CreatedOnToolsVersion = 26.3;
						TestTargetID = 98E5C1102F6BBE9600A2D40B;
					};
				};
			};
			buildConfigurationList = 98E5C10C2F6BBE9600A2D40B /* Build configuration list for PBXProject "SpamSniper" */;
			developmentRegion = en;
			hasScannedForEncodings = 0;
			knownRegions = (
				en,
				Base,
			);
			mainGroup = 98E5C1082F6BBE9600A2D40B;
			minimizedProjectReferenceProxies = 1;
			packageReferences = (
				A20000032F6D1000A2D40B01 /* XCRemoteSwiftPackageReference "ObjectivePGP" */,
			);
			preferredProjectObjectVersion = 77;
			productRefGroup = 98E5C1122F6BBE9600A2D40B /* Products */;
			projectDirPath = "";
			projectRoot = "";
			targets = (
				98E5C1102F6BBE9600A2D40B /* SpamSniper */,
				A10000022F6BBE9600A2D40B /* SpamSniperCallBlocker */,
				A30000052F6D2000A2D40B /* SpamSniperTests */,
			);
		};
/* End PBXProject section */

/* Begin PBXResourcesBuildPhase section */
		98E5C10F2F6BBE9600A2D40B /* Resources */ = {
			isa = PBXResourcesBuildPhase;
			buildActionMask = 2147483647;
			files = (
			);
			runOnlyForDeploymentPostprocessing = 0;
		};
		A100000C2F6BBE9600A2D40B /* Resources */ = {
			isa = PBXResourcesBuildPhase;
			buildActionMask = 2147483647;
			files = (
			);
			runOnlyForDeploymentPostprocessing = 0;
		};
		A30000042F6D2000A2D40B /* Resources */ = {
			isa = PBXResourcesBuildPhase;
			buildActionMask = 2147483647;
			files = (
			);
			runOnlyForDeploymentPostprocessing = 0;
		};
/* End PBXResourcesBuildPhase section */

/* Begin PBXSourcesBuildPhase section */
		98E5C10D2F6BBE9600A2D40B /* Sources */ = {
			isa = PBXSourcesBuildPhase;
			buildActionMask = 2147483647;
			files = (
			);
			runOnlyForDeploymentPostprocessing = 0;
		};
		A100000B2F6BBE9600A2D40B /* Sources */ = {
			isa = PBXSourcesBuildPhase;
			buildActionMask = 2147483647;
			files = (
			);
			runOnlyForDeploymentPostprocessing = 0;
		};
		A30000032F6D2000A2D40B /* Sources */ = {
			isa = PBXSourcesBuildPhase;
			buildActionMask = 2147483647;
			files = (
			);
			runOnlyForDeploymentPostprocessing = 0;
		};
/* End PBXSourcesBuildPhase section */

/* Begin PBXTargetDependency section */
		A10000052F6BBE9600A2D40B /* PBXTargetDependency */ = {
			isa = PBXTargetDependency;
			target = A10000022F6BBE9600A2D40B /* SpamSniperCallBlocker */;
			targetProxy = A10000032F6BBE9600A2D40B /* PBXContainerItemProxy */;
		};
		A30000072F6D2000A2D40B /* PBXTargetDependency */ = {
			isa = PBXTargetDependency;
			target = 98E5C1102F6BBE9600A2D40B /* SpamSniper */;
			targetProxy = A30000062F6D2000A2D40B /* PBXContainerItemProxy */;
		};
/* End PBXTargetDependency section */

/* Begin XCBuildConfiguration section */
		98E5C11A2F6BBE9800A2D40B /* Debug */ = {
			isa = XCBuildConfiguration;
			buildSettings = {
				ALWAYS_SEARCH_USER_PATHS = NO;
				ASSETCATALOG_COMPILER_GENERATE_SWIFT_ASSET_SYMBOL_EXTENSIONS = YES;
				CLANG_ANALYZER_NONNULL = YES;
				CLANG_ANALYZER_NUMBER_OBJECT_CONVERSION = YES_AGGRESSIVE;
				CLANG_CXX_LANGUAGE_STANDARD = "gnu++20";
				CLANG_ENABLE_MODULES = YES;
				CLANG_ENABLE_OBJC_ARC = YES;
				CLANG_ENABLE_OBJC_WEAK = YES;
				CLANG_WARN_BLOCK_CAPTURE_AUTORELEASING = YES;
				CLANG_WARN_BOOL_CONVERSION = YES;
				CLANG_WARN_COMMA = YES;
				CLANG_WARN_CONSTANT_CONVERSION = YES;
				CLANG_WARN_DEPRECATED_OBJC_IMPLEMENTATIONS = YES;
				CLANG_WARN_DIRECT_OBJC_ISA_USAGE = YES_ERROR;
				CLANG_WARN_DOCUMENTATION_COMMENTS = YES;
				CLANG_WARN_EMPTY_BODY = YES;
				CLANG_WARN_ENUM_CONVERSION = YES;
				CLANG_WARN_INFINITE_RECURSION = YES;
				CLANG_WARN_INT_CONVERSION = YES;
				CLANG_WARN_NON_LITERAL_NULL_CONVERSION = YES;
				CLANG_WARN_OBJC_IMPLICIT_RETAIN_SELF = YES;
				CLANG_WARN_OBJC_LITERAL_CONVERSION = YES;
				CLANG_WARN_OBJC_ROOT_CLASS = YES_ERROR;
				CLANG_WARN_QUOTED_INCLUDE_IN_FRAMEWORK_HEADER = YES;
				CLANG_WARN_RANGE_LOOP_ANALYSIS = YES;
				CLANG_WARN_STRICT_PROTOTYPES = YES;
				CLANG_WARN_SUSPICIOUS_MOVE = YES;
				CLANG_WARN_UNGUARDED_AVAILABILITY = YES_AGGRESSIVE;
				CLANG_WARN_UNREACHABLE_CODE = YES;
				CLANG_WARN__DUPLICATE_METHOD_MATCH = YES;
				COPY_PHASE_STRIP = NO;
				DEBUG_INFORMATION_FORMAT = dwarf;
				ENABLE_STRICT_OBJC_MSGSEND = YES;
				ENABLE_TESTABILITY = YES;
				ENABLE_USER_SCRIPT_SANDBOXING = YES;
				GCC_C_LANGUAGE_STANDARD = gnu17;
				GCC_DYNAMIC_NO_PIC = NO;
				GCC_NO_COMMON_BLOCKS = YES;
				GCC_OPTIMIZATION_LEVEL = 0;
				GCC_PREPROCESSOR_DEFINITIONS = (
					"DEBUG=1",
					"$(inherited)",
				);
				GCC_WARN_64_TO_32_BIT_CONVERSION = YES;
				GCC_WARN_ABOUT_RETURN_TYPE = YES_ERROR;
				GCC_WARN_UNDECLARED_SELECTOR = YES;
				GCC_WARN_UNINITIALIZED_AUTOS = YES_AGGRESSIVE;
				GCC_WARN_UNUSED_FUNCTION = YES;
				GCC_WARN_UNUSED_VARIABLE = YES;
				IPHONEOS_DEPLOYMENT_TARGET = 26.0;
				LOCALIZATION_PREFERS_STRING_CATALOGS = YES;
				MTL_ENABLE_DEBUG_INFO = INCLUDE_SOURCE;
				MTL_FAST_MATH = YES;
				ONLY_ACTIVE_ARCH = YES;
				SDKROOT = iphoneos;
				SWIFT_ACTIVE_COMPILATION_CONDITIONS = "DEBUG $(inherited)";
				SWIFT_OPTIMIZATION_LEVEL = "-Onone";
			};
			name = Debug;
		};
		98E5C11B2F6BBE9800A2D40B /* Release */ = {
			isa = XCBuildConfiguration;
			buildSettings = {
				ALWAYS_SEARCH_USER_PATHS = NO;
				ASSETCATALOG_COMPILER_GENERATE_SWIFT_ASSET_SYMBOL_EXTENSIONS = YES;
				CLANG_ANALYZER_NONNULL = YES;
				CLANG_ANALYZER_NUMBER_OBJECT_CONVERSION = YES_AGGRESSIVE;
				CLANG_CXX_LANGUAGE_STANDARD = "gnu++20";
				CLANG_ENABLE_MODULES = YES;
				CLANG_ENABLE_OBJC_ARC = YES;
				CLANG_ENABLE_OBJC_WEAK = YES;
				CLANG_WARN_BLOCK_CAPTURE_AUTORELEASING = YES;
				CLANG_WARN_BOOL_CONVERSION = YES;
				CLANG_WARN_COMMA = YES;
				CLANG_WARN_CONSTANT_CONVERSION = YES;
				CLANG_WARN_DEPRECATED_OBJC_IMPLEMENTATIONS = YES;
				CLANG_WARN_DIRECT_OBJC_ISA_USAGE = YES_ERROR;
				CLANG_WARN_DOCUMENTATION_COMMENTS = YES;
				CLANG_WARN_EMPTY_BODY = YES;
				CLANG_WARN_ENUM_CONVERSION = YES;
				CLANG_WARN_INFINITE_RECURSION = YES;
				CLANG_WARN_INT_CONVERSION = YES;
				CLANG_WARN_NON_LITERAL_NULL_CONVERSION = YES;
				CLANG_WARN_OBJC_IMPLICIT_RETAIN_SELF = YES;
				CLANG_WARN_OBJC_LITERAL_CONVERSION = YES;
				CLANG_WARN_OBJC_ROOT_CLASS = YES_ERROR;
				CLANG_WARN_QUOTED_INCLUDE_IN_FRAMEWORK_HEADER = YES;
				CLANG_WARN_RANGE_LOOP_ANALYSIS = YES;
				CLANG_WARN_STRICT_PROTOTYPES = YES;
				CLANG_WARN_SUSPICIOUS_MOVE = YES;
				CLANG_WARN_UNGUARDED_AVAILABILITY = YES_AGGRESSIVE;
				CLANG_WARN_UNREACHABLE_CODE = YES;
				CLANG_WARN__DUPLICATE_METHOD_MATCH = YES;
				COPY_PHASE_STRIP = NO;
				DEBUG_INFORMATION_FORMAT = "dwarf-with-dsym";
				ENABLE_NS_ASSERTIONS = NO;
				ENABLE_STRICT_OBJC_MSGSEND = YES;
				ENABLE_USER_SCRIPT_SANDBOXING = YES;
				GCC_C_LANGUAGE_STANDARD = gnu17;
				GCC_NO_COMMON_BLOCKS = YES;
				GCC_WARN_64_TO_32_BIT_CONVERSION = YES;
				GCC_WARN_ABOUT_RETURN_TYPE = YES_ERROR;
				GCC_WARN_UNDECLARED_SELECTOR = YES;
				GCC_WARN_UNINITIALIZED_AUTOS = YES_AGGRESSIVE;
				GCC_WARN_UNUSED_FUNCTION = YES;
				GCC_WARN_UNUSED_VARIABLE = YES;
				IPHONEOS_DEPLOYMENT_TARGET = 26.0;
				LOCALIZATION_PREFERS_STRING_CATALOGS = YES;
				MTL_ENABLE_DEBUG_INFO = NO;
				MTL_FAST_MATH = YES;
				SDKROOT = iphoneos;
				SWIFT_COMPILATION_MODE = wholemodule;
				VALIDATE_PRODUCT = YES;
			};
			name = Release;
		};
		98E5C11D2F6BBE9800A2D40B /* Debug */ = {
			isa = XCBuildConfiguration;
			buildSettings = {
				ASSETCATALOG_COMPILER_APPICON_NAME = AppIcon;
				ASSETCATALOG_COMPILER_GLOBAL_ACCENT_COLOR_NAME = AccentColor;
				ASSETCATALOG_COMPILER_INCLUDE_ALL_APPICON_ASSETS = NO;
				CODE_SIGN_ENTITLEMENTS = SpamSniper/SpamSniper.entitlements;
				CODE_SIGN_STYLE = Automatic;
				CURRENT_PROJECT_VERSION = 1;
				DEVELOPMENT_TEAM = 9KU453RW22;
				ENABLE_PREVIEWS = YES;
				GENERATE_INFOPLIST_FILE = YES;
				INFOPLIST_KEY_ITSAppUsesNonExemptEncryption = NO;
				INFOPLIST_KEY_LSApplicationCategoryType = "public.app-category.utilities";
				INFOPLIST_KEY_NSContactsUsageDescription = "SpamSniper checks your contacts so it does not block phone numbers that already belong to people you know.";
				INFOPLIST_KEY_UIApplicationSceneManifest_Generation = YES;
				INFOPLIST_KEY_UIApplicationSupportsIndirectInputEvents = YES;
				INFOPLIST_KEY_UILaunchScreen_Generation = YES;
				INFOPLIST_KEY_UISupportedInterfaceOrientations = UIInterfaceOrientationPortrait;
				IPHONEOS_DEPLOYMENT_TARGET = 26.0;
				LD_RUNPATH_SEARCH_PATHS = (
					"$(inherited)",
					"@executable_path/Frameworks",
				);
				MARKETING_VERSION = 1.0;
				PRODUCT_BUNDLE_IDENTIFIER = com.vastorigins.app.SpamSniper;
				PRODUCT_NAME = "$(TARGET_NAME)";
				STRING_CATALOG_GENERATE_SYMBOLS = YES;
				SWIFT_APPROACHABLE_CONCURRENCY = YES;
				SWIFT_DEFAULT_ACTOR_ISOLATION = MainActor;
				SWIFT_EMIT_LOC_STRINGS = YES;
				SWIFT_UPCOMING_FEATURE_MEMBER_IMPORT_VISIBILITY = YES;
				SWIFT_VERSION = 5.0;
				TARGETED_DEVICE_FAMILY = "1,2";
			};
			name = Debug;
		};
		98E5C11E2F6BBE9800A2D40B /* Release */ = {
			isa = XCBuildConfiguration;
			buildSettings = {
				ASSETCATALOG_COMPILER_APPICON_NAME = AppIcon;
				ASSETCATALOG_COMPILER_GLOBAL_ACCENT_COLOR_NAME = AccentColor;
				ASSETCATALOG_COMPILER_INCLUDE_ALL_APPICON_ASSETS = NO;
				CODE_SIGN_ENTITLEMENTS = SpamSniper/SpamSniper.entitlements;
				CODE_SIGN_STYLE = Automatic;
				CURRENT_PROJECT_VERSION = 1;
				DEVELOPMENT_TEAM = 9KU453RW22;
				ENABLE_PREVIEWS = YES;
				GENERATE_INFOPLIST_FILE = YES;
				INFOPLIST_KEY_ITSAppUsesNonExemptEncryption = NO;
				INFOPLIST_KEY_LSApplicationCategoryType = "public.app-category.utilities";
				INFOPLIST_KEY_NSContactsUsageDescription = "SpamSniper checks your contacts so it does not block phone numbers that already belong to people you know.";
				INFOPLIST_KEY_UIApplicationSceneManifest_Generation = YES;
				INFOPLIST_KEY_UIApplicationSupportsIndirectInputEvents = YES;
				INFOPLIST_KEY_UILaunchScreen_Generation = YES;
				INFOPLIST_KEY_UISupportedInterfaceOrientations = UIInterfaceOrientationPortrait;
				IPHONEOS_DEPLOYMENT_TARGET = 26.0;
				LD_RUNPATH_SEARCH_PATHS = (
					"$(inherited)",
					"@executable_path/Frameworks",
				);
				MARKETING_VERSION = 1.0;
				PRODUCT_BUNDLE_IDENTIFIER = com.vastorigins.app.SpamSniper;
				PRODUCT_NAME = "$(TARGET_NAME)";
				STRING_CATALOG_GENERATE_SYMBOLS = YES;
				SWIFT_APPROACHABLE_CONCURRENCY = YES;
				SWIFT_DEFAULT_ACTOR_ISOLATION = MainActor;
				SWIFT_EMIT_LOC_STRINGS = YES;
				SWIFT_UPCOMING_FEATURE_MEMBER_IMPORT_VISIBILITY = YES;
				SWIFT_VERSION = 5.0;
				TARGETED_DEVICE_FAMILY = "1,2";
			};
			name = Release;
		};
		A100000D2F6BBE9600A2D40B /* Debug */ = {
			isa = XCBuildConfiguration;
			buildSettings = {
				APPLICATION_EXTENSION_API_ONLY = YES;
				CODE_SIGN_ENTITLEMENTS = SpamSniperCallBlocker/SpamSniperCallBlocker.entitlements;
				CODE_SIGN_STYLE = Automatic;
				CURRENT_PROJECT_VERSION = 1;
				DEVELOPMENT_TEAM = 9KU453RW22;
				GENERATE_INFOPLIST_FILE = NO;
				INFOPLIST_FILE = SpamSniperCallBlocker/Info.plist;
				IPHONEOS_DEPLOYMENT_TARGET = 26.0;
				LD_RUNPATH_SEARCH_PATHS = (
					"$(inherited)",
					"@executable_path/Frameworks",
					"@executable_path/../../Frameworks",
				);
				MARKETING_VERSION = 1.0;
				PRODUCT_BUNDLE_IDENTIFIER = com.vastorigins.app.SpamSniper.CallBlockerExtension;
				PRODUCT_NAME = "$(TARGET_NAME)";
				SKIP_INSTALL = YES;
				STRING_CATALOG_GENERATE_SYMBOLS = YES;
				SWIFT_APPROACHABLE_CONCURRENCY = YES;
				SWIFT_DEFAULT_ACTOR_ISOLATION = MainActor;
				SWIFT_EMIT_LOC_STRINGS = YES;
				SWIFT_UPCOMING_FEATURE_MEMBER_IMPORT_VISIBILITY = YES;
				SWIFT_VERSION = 5.0;
				TARGETED_DEVICE_FAMILY = 1;
			};
			name = Debug;
		};
		A100000E2F6BBE9600A2D40B /* Release */ = {
			isa = XCBuildConfiguration;
			buildSettings = {
				APPLICATION_EXTENSION_API_ONLY = YES;
				CODE_SIGN_ENTITLEMENTS = SpamSniperCallBlocker/SpamSniperCallBlocker.entitlements;
				CODE_SIGN_STYLE = Automatic;
				CURRENT_PROJECT_VERSION = 1;
				DEVELOPMENT_TEAM = 9KU453RW22;
				GENERATE_INFOPLIST_FILE = NO;
				INFOPLIST_FILE = SpamSniperCallBlocker/Info.plist;
				IPHONEOS_DEPLOYMENT_TARGET = 26.0;
				LD_RUNPATH_SEARCH_PATHS = (
					"$(inherited)",
					"@executable_path/Frameworks",
					"@executable_path/../../Frameworks",
				);
				MARKETING_VERSION = 1.0;
				PRODUCT_BUNDLE_IDENTIFIER = com.vastorigins.app.SpamSniper.CallBlockerExtension;
				PRODUCT_NAME = "$(TARGET_NAME)";
				SKIP_INSTALL = YES;
				STRING_CATALOG_GENERATE_SYMBOLS = YES;
				SWIFT_APPROACHABLE_CONCURRENCY = YES;
				SWIFT_DEFAULT_ACTOR_ISOLATION = MainActor;
				SWIFT_EMIT_LOC_STRINGS = YES;
				SWIFT_UPCOMING_FEATURE_MEMBER_IMPORT_VISIBILITY = YES;
				SWIFT_VERSION = 5.0;
				TARGETED_DEVICE_FAMILY = 1;
			};
			name = Release;
		};
		A30000082F6D2000A2D40B /* Debug */ = {
			isa = XCBuildConfiguration;
			buildSettings = {
				BUNDLE_LOADER = "$(TEST_HOST)";
				CODE_SIGNING_ALLOWED = NO;
				CODE_SIGN_STYLE = Automatic;
				CURRENT_PROJECT_VERSION = 1;
				GENERATE_INFOPLIST_FILE = YES;
				IPHONEOS_DEPLOYMENT_TARGET = 26.0;
				LD_RUNPATH_SEARCH_PATHS = (
					"$(inherited)",
					"@executable_path/Frameworks",
					"@loader_path/Frameworks",
				);
				MARKETING_VERSION = 1.0;
				PRODUCT_BUNDLE_IDENTIFIER = com.vastorigins.app.SpamSniperTests;
				PRODUCT_NAME = "$(TARGET_NAME)";
				SKIP_INSTALL = YES;
				STRING_CATALOG_GENERATE_SYMBOLS = NO;
				SWIFT_APPROACHABLE_CONCURRENCY = YES;
				SWIFT_EMIT_LOC_STRINGS = NO;
				SWIFT_UPCOMING_FEATURE_MEMBER_IMPORT_VISIBILITY = YES;
				SWIFT_VERSION = 5.0;
				TARGETED_DEVICE_FAMILY = "1,2";
				TEST_HOST = "$(BUILT_PRODUCTS_DIR)/SpamSniper.app/$(BUNDLE_EXECUTABLE_FOLDER_PATH)/SpamSniper";
				TEST_TARGET_NAME = SpamSniper;
			};
			name = Debug;
		};
		A30000092F6D2000A2D40B /* Release */ = {
			isa = XCBuildConfiguration;
			buildSettings = {
				BUNDLE_LOADER = "$(TEST_HOST)";
				CODE_SIGNING_ALLOWED = NO;
				CODE_SIGN_STYLE = Automatic;
				CURRENT_PROJECT_VERSION = 1;
				GENERATE_INFOPLIST_FILE = YES;
				IPHONEOS_DEPLOYMENT_TARGET = 26.0;
				LD_RUNPATH_SEARCH_PATHS = (
					"$(inherited)",
					"@executable_path/Frameworks",
					"@loader_path/Frameworks",
				);
				MARKETING_VERSION = 1.0;
				PRODUCT_BUNDLE_IDENTIFIER = com.vastorigins.app.SpamSniperTests;
				PRODUCT_NAME = "$(TARGET_NAME)";
				SKIP_INSTALL = YES;
				STRING_CATALOG_GENERATE_SYMBOLS = NO;
				SWIFT_APPROACHABLE_CONCURRENCY = YES;
				SWIFT_EMIT_LOC_STRINGS = NO;
				SWIFT_UPCOMING_FEATURE_MEMBER_IMPORT_VISIBILITY = YES;
				SWIFT_VERSION = 5.0;
				TARGETED_DEVICE_FAMILY = "1,2";
				TEST_HOST = "$(BUILT_PRODUCTS_DIR)/SpamSniper.app/$(BUNDLE_EXECUTABLE_FOLDER_PATH)/SpamSniper";
				TEST_TARGET_NAME = SpamSniper;
			};
			name = Release;
		};
/* End XCBuildConfiguration section */

/* Begin XCConfigurationList section */
		98E5C10C2F6BBE9600A2D40B /* Build configuration list for PBXProject "SpamSniper" */ = {
			isa = XCConfigurationList;
			buildConfigurations = (
				98E5C11A2F6BBE9800A2D40B /* Debug */,
				98E5C11B2F6BBE9800A2D40B /* Release */,
			);
			defaultConfigurationIsVisible = 0;
			defaultConfigurationName = Release;
		};
		98E5C11C2F6BBE9800A2D40B /* Build configuration list for PBXNativeTarget "SpamSniper" */ = {
			isa = XCConfigurationList;
			buildConfigurations = (
				98E5C11D2F6BBE9800A2D40B /* Debug */,
				98E5C11E2F6BBE9800A2D40B /* Release */,
			);
			defaultConfigurationIsVisible = 0;
			defaultConfigurationName = Release;
		};
		A100000F2F6BBE9600A2D40B /* Build configuration list for PBXNativeTarget "SpamSniperCallBlocker" */ = {
			isa = XCConfigurationList;
			buildConfigurations = (
				A100000D2F6BBE9600A2D40B /* Debug */,
				A100000E2F6BBE9600A2D40B /* Release */,
			);
			defaultConfigurationIsVisible = 0;
			defaultConfigurationName = Release;
		};
		A300000A2F6D2000A2D40B /* Build configuration list for PBXNativeTarget "SpamSniperTests" */ = {
			isa = XCConfigurationList;
			buildConfigurations = (
				A30000082F6D2000A2D40B /* Debug */,
				A30000092F6D2000A2D40B /* Release */,
			);
			defaultConfigurationIsVisible = 0;
			defaultConfigurationName = Release;
		};
/* End XCConfigurationList section */

/* Begin XCRemoteSwiftPackageReference section */
		A20000032F6D1000A2D40B01 /* XCRemoteSwiftPackageReference "ObjectivePGP" */ = {
			isa = XCRemoteSwiftPackageReference;
			repositoryURL = "https://github.com/krzyzanowskim/ObjectivePGP.git";
			requirement = {
				kind = upToNextMajorVersion;
				minimumVersion = 1.0.0;
			};
		};
/* End XCRemoteSwiftPackageReference section */

/* Begin XCSwiftPackageProductDependency section */
		A20000042F6D1000A2D40B01 /* ObjectivePGP */ = {
			isa = XCSwiftPackageProductDependency;
			package = A20000032F6D1000A2D40B01 /* XCRemoteSwiftPackageReference "ObjectivePGP" */;
			productName = ObjectivePGP;
		};
		A20000052F6D1000A2D40B01 /* ObjectivePGP */ = {
			isa = XCSwiftPackageProductDependency;
			package = A20000032F6D1000A2D40B01 /* XCRemoteSwiftPackageReference "ObjectivePGP" */;
			productName = ObjectivePGP;
		};
/* End XCSwiftPackageProductDependency section */
	};
	rootObject = 98E5C1092F6BBE9600A2D40B /* Project object */;
}
